# THIS IS AN AUTOGENERATED FILE. DO NOT EDIT THIS FILE DIRECTLY.
# yarn lockfile v1


"@types/geodesy@^1.1.2":
  version "1.2.0"
  resolved "https://registry.yarnpkg.com/@types/geodesy/-/geodesy-1.2.0.tgz#1ed83d57962f99d8cf52393b47f48e70f3ba3e2f"
  integrity sha512-H4QBi/JO1VQh3Nbtiz6kKV/HS8TM9W1pxJ+3MoCTuKZGRilo6J7LINX47OOnnkVUqKz0yFn9dS6kdMK6671pEA==

angular2parse@^1.0.8:
  version "1.0.8"
  resolved "https://registry.yarnpkg.com/angular2parse/-/angular2parse-1.0.8.tgz#4e2516bb8ca76ce3e3516a6ed6f62de65472a828"
  integrity sha512-18dwApVtgjfWVHZ53gtr3K9QIxbXNcQNXbcbwlnqnhDAl0N0Dv+wNkFMzDBglTmJc7u36mbelpoUHyIKWwSUqA==

geodesy@^1.1.1:
  version "1.1.3"
  resolved "https://registry.yarnpkg.com/geodesy/-/geodesy-1.1.3.tgz#a0cbd5db5c0cf8ac045e749f754f61b450382de9"
  integrity sha512-H/0XSd1KjKZGZ2YGZcOYzRyY/foYAawwTEumNSo+YUwf+u5d4CfvBRg2i2Qimrx9yUEjWR8hLvMnhghuVFN0Zg==

heatmap.js@^2.0.5:
  version "2.0.5"
  resolved "https://registry.yarnpkg.com/heatmap.js/-/heatmap.js-2.0.5.tgz#466d3b86513f5d49112a49d25700ab2730149153"
  integrity sha1-Rm07hlE/XUkRKknSVwCrJzAUkVM=

json-string-mapper@^1.0.0:
  version "1.0.0"
  resolved "https://registry.yarnpkg.com/json-string-mapper/-/json-string-mapper-1.0.0.tgz#3b5bef182c412e937ee7ee320554c2f451b6a763"
  integrity sha1-O1vvGCxBLpN+5+4yBVTC9FG2p2M=

lodash.get@^4.4.2:
  version "4.4.2"
  resolved "https://registry.yarnpkg.com/lodash.get/-/lodash.get-4.4.2.tgz#2d177f652fa31e939b4438d5341499dfa3825e99"
  integrity sha1-LRd/ZS+jHpObRDjVNBSZ36OCXpk=

primitive-primitives@0.0.6:
  version "0.0.6"
  resolved "https://registry.yarnpkg.com/primitive-primitives/-/primitive-primitives-0.0.6.tgz#573deb4aa31d08a1d53a1d34ed8599f105b88d08"
  integrity sha1-Vz3rSqMdCKHVOh007YWZ8QW4jQg=
